
Microsoft Visual Studio Solution File, Format Version 12.00
# Visual Studio Version 17
VisualStudioVersion = 17.5.002.0
MinimumVisualStudioVersion = 10.0.40219.1
Project("{9A19103F-16F7-4668-BE54-9A1E7A4F7556}") = "AoC_2023", "AoC_2023.csproj", "{42B1CD97-AE31-4DB6-82C6-27002CA23943}"
EndProject
Global
	GlobalSection(SolutionConfigurationPlatforms) = preSolution
		Debug|Any CPU = Debug|Any CPU
		Release|Any CPU = Release|Any CPU
	EndGlobalSection
	GlobalSection(ProjectConfigurationPlatforms) = postSolution
		{42B1CD97-AE31-4DB6-82C6-27002CA23943}.Debug|Any CPU.ActiveCfg = Debug|Any CPU
		{42B1CD97-AE31-4DB6-82C6-27002CA23943}.Debug|Any CPU.Build.0 = Debug|Any CPU
		{42B1CD97-AE31-4DB6-82C6-27002CA23943}.Release|Any CPU.ActiveCfg = Release|Any CPU
		{42B1CD97-AE31-4DB6-82C6-27002CA23943}.Release|Any CPU.Build.0 = Release|Any CPU
	EndGlobalSection
	GlobalSection(SolutionProperties) = preSolution
		HideSolutionNode = FALSE
	EndGlobalSection
	GlobalSection(ExtensibilityGlobals) = postSolution
		SolutionGuid = {3A2368D0-FB06-4C58-AED8-5F167C8A1996}
	EndGlobalSection
EndGlobal
